
Microsoft Visual Studio Solution File, Format Version 12.00
# Visual Studio Version 16
VisualStudioVersion = 16.0.30907.101
MinimumVisualStudioVersion = 10.0.40219.1
Project("{FAE04EC0-301F-11D3-BF4B-00C04F79EFBC}") = "TestProjekt", "TestProjekt\TestProjekt.csproj", "{7601266F-02A1-46DC-919A-A2474584D32B}"
EndProject
Project("{2150E333-8FDC-42A3-9474-1A3956D46DE8}") = "Lektion 1", "Lektion 1", "{1B1D9AA5-0F1B-4BCC-B05A-82224D9A3FAD}"
EndProject
Project("{FAE04EC0-301F-11D3-BF4B-00C04F79EFBC}") = "Opgave 5 og 6", "Opgave 5\Opgave 5 og 6.csproj", "{EF71664E-AF83-4168-98C5-C13A90A94409}"
EndProject
Project("{FAE04EC0-301F-11D3-BF4B-00C04F79EFBC}") = "Opgave 7", "WpfApp1\Opgave 7.csproj", "{21E2514B-3332-499B-874D-BAAC730D4D83}"
EndProject
Project("{2150E333-8FDC-42A3-9474-1A3956D46DE8}") = "Lektioner", "Lektioner", "{D86D18B2-CD94-4182-B6DE-CFBD7A79ECC4}"
EndProject
Global
	GlobalSection(SolutionConfigurationPlatforms) = preSolution
		Debug|Any CPU = Debug|Any CPU
		Release|Any CPU = Release|Any CPU
	EndGlobalSection
	GlobalSection(ProjectConfigurationPlatforms) = postSolution
		{7601266F-02A1-46DC-919A-A2474584D32B}.Debug|Any CPU.ActiveCfg = Debug|Any CPU
		{7601266F-02A1-46DC-919A-A2474584D32B}.Debug|Any CPU.Build.0 = Debug|Any CPU
		{7601266F-02A1-46DC-919A-A2474584D32B}.Release|Any CPU.ActiveCfg = Release|Any CPU
		{7601266F-02A1-46DC-919A-A2474584D32B}.Release|Any CPU.Build.0 = Release|Any CPU
		{EF71664E-AF83-4168-98C5-C13A90A94409}.Debug|Any CPU.ActiveCfg = Debug|Any CPU
		{EF71664E-AF83-4168-98C5-C13A90A94409}.Debug|Any CPU.Build.0 = Debug|Any CPU
		{EF71664E-AF83-4168-98C5-C13A90A94409}.Release|Any CPU.ActiveCfg = Release|Any CPU
		{EF71664E-AF83-4168-98C5-C13A90A94409}.Release|Any CPU.Build.0 = Release|Any CPU
		{21E2514B-3332-499B-874D-BAAC730D4D83}.Debug|Any CPU.ActiveCfg = Debug|Any CPU
		{21E2514B-3332-499B-874D-BAAC730D4D83}.Debug|Any CPU.Build.0 = Debug|Any CPU
		{21E2514B-3332-499B-874D-BAAC730D4D83}.Release|Any CPU.ActiveCfg = Release|Any CPU
		{21E2514B-3332-499B-874D-BAAC730D4D83}.Release|Any CPU.Build.0 = Release|Any CPU
	EndGlobalSection
	GlobalSection(SolutionProperties) = preSolution
		HideSolutionNode = FALSE
	EndGlobalSection
	GlobalSection(NestedProjects) = preSolution
		{7601266F-02A1-46DC-919A-A2474584D32B} = {1B1D9AA5-0F1B-4BCC-B05A-82224D9A3FAD}
		{1B1D9AA5-0F1B-4BCC-B05A-82224D9A3FAD} = {D86D18B2-CD94-4182-B6DE-CFBD7A79ECC4}
		{EF71664E-AF83-4168-98C5-C13A90A94409} = {1B1D9AA5-0F1B-4BCC-B05A-82224D9A3FAD}
		{21E2514B-3332-499B-874D-BAAC730D4D83} = {1B1D9AA5-0F1B-4BCC-B05A-82224D9A3FAD}
	EndGlobalSection
	GlobalSection(ExtensibilityGlobals) = postSolution
		SolutionGuid = {7AB65976-1E56-4A20-872C-992D7BCA69DA}
	EndGlobalSection
EndGlobal
