
Microsoft Visual Studio Solution File, Format Version 12.00
# Visual Studio Version 16
VisualStudioVersion = 16.0.30907.101
MinimumVisualStudioVersion = 10.0.40219.1
Project("{2150E333-8FDC-42A3-9474-1A3956D46DE8}") = "Lektion 1", "Lektion 1", "{1B1D9AA5-0F1B-4BCC-B05A-82224D9A3FAD}"
EndProject
Project("{2150E333-8FDC-42A3-9474-1A3956D46DE8}") = "Lektioner", "Lektioner", "{D86D18B2-CD94-4182-B6DE-CFBD7A79ECC4}"
EndProject
Project("{9A19103F-16F7-4668-BE54-9A1E7A4F7556}") = "Opgave 5 og 6", "Lektion 1\Opgave 5\Opgave 5 og 6.csproj", "{9D3853E4-EC71-466E-AA3A-E40B1617AF22}"
EndProject
Project("{9A19103F-16F7-4668-BE54-9A1E7A4F7556}") = "TestProjekt", "Lektion 1\TestProjekt\TestProjekt.csproj", "{C2C43312-17F0-4877-BA22-2BD67348EFDF}"
EndProject
Project("{FAE04EC0-301F-11D3-BF4B-00C04F79EFBC}") = "Opgave 7", "Lektion 1\WpfApp1\Opgave 7.csproj", "{21E2514B-3332-499B-874D-BAAC730D4D83}"
EndProject
Project("{2150E333-8FDC-42A3-9474-1A3956D46DE8}") = "Lektion 2", "Lektion 2", "{152D2B29-02A7-4BF8-92C7-7E8C01E8D6E8}"
EndProject
Project("{9A19103F-16F7-4668-BE54-9A1E7A4F7556}") = "Opgave 3", "Lektion 2\Opgave_1\Opgave 3.csproj", "{8CDCEC95-D29F-4177-BE94-07F811520812}"
EndProject
Project("{9A19103F-16F7-4668-BE54-9A1E7A4F7556}") = "Opgave 7", "Lektion 2\Opgave_7\Opgave 7.csproj", "{71F5DB63-41AC-4D6E-AC39-4CD44D9F444D}"
EndProject
Project("{9A19103F-16F7-4668-BE54-9A1E7A4F7556}") = "Errors", "Lektion 2\Opgave1\Errors.csproj", "{3D25F34D-1527-4DD6-82A2-E031327F5637}"
EndProject
Project("{9A19103F-16F7-4668-BE54-9A1E7A4F7556}") = "Opgave 4", "Lektion 2\Opgave4\Opgave 4.csproj", "{4A6FF27E-9761-444C-9C92-202C1BD2115A}"
EndProject
Project("{9A19103F-16F7-4668-BE54-9A1E7A4F7556}") = "Opgave 5", "Lektion 2\Opgave5\Opgave 5.csproj", "{A46C8334-ABDF-4885-A345-05027AD98993}"
EndProject
Project("{9A19103F-16F7-4668-BE54-9A1E7A4F7556}") = "Opgave 6", "Lektion 2\Opgave6\Opgave 6.csproj", "{885AEECA-E18D-447D-B781-EDF240C36272}"
EndProject
Global
	GlobalSection(SolutionConfigurationPlatforms) = preSolution
		Debug|Any CPU = Debug|Any CPU
		Release|Any CPU = Release|Any CPU
	EndGlobalSection
	GlobalSection(ProjectConfigurationPlatforms) = postSolution
		{9D3853E4-EC71-466E-AA3A-E40B1617AF22}.Debug|Any CPU.ActiveCfg = Debug|Any CPU
		{9D3853E4-EC71-466E-AA3A-E40B1617AF22}.Debug|Any CPU.Build.0 = Debug|Any CPU
		{9D3853E4-EC71-466E-AA3A-E40B1617AF22}.Release|Any CPU.ActiveCfg = Release|Any CPU
		{9D3853E4-EC71-466E-AA3A-E40B1617AF22}.Release|Any CPU.Build.0 = Release|Any CPU
		{C2C43312-17F0-4877-BA22-2BD67348EFDF}.Debug|Any CPU.ActiveCfg = Debug|Any CPU
		{C2C43312-17F0-4877-BA22-2BD67348EFDF}.Debug|Any CPU.Build.0 = Debug|Any CPU
		{C2C43312-17F0-4877-BA22-2BD67348EFDF}.Release|Any CPU.ActiveCfg = Release|Any CPU
		{C2C43312-17F0-4877-BA22-2BD67348EFDF}.Release|Any CPU.Build.0 = Release|Any CPU
		{21E2514B-3332-499B-874D-BAAC730D4D83}.Debug|Any CPU.ActiveCfg = Debug|Any CPU
		{21E2514B-3332-499B-874D-BAAC730D4D83}.Debug|Any CPU.Build.0 = Debug|Any CPU
		{21E2514B-3332-499B-874D-BAAC730D4D83}.Release|Any CPU.ActiveCfg = Release|Any CPU
		{21E2514B-3332-499B-874D-BAAC730D4D83}.Release|Any CPU.Build.0 = Release|Any CPU
		{8CDCEC95-D29F-4177-BE94-07F811520812}.Debug|Any CPU.ActiveCfg = Debug|Any CPU
		{8CDCEC95-D29F-4177-BE94-07F811520812}.Debug|Any CPU.Build.0 = Debug|Any CPU
		{8CDCEC95-D29F-4177-BE94-07F811520812}.Release|Any CPU.ActiveCfg = Release|Any CPU
		{8CDCEC95-D29F-4177-BE94-07F811520812}.Release|Any CPU.Build.0 = Release|Any CPU
		{71F5DB63-41AC-4D6E-AC39-4CD44D9F444D}.Debug|Any CPU.ActiveCfg = Debug|Any CPU
		{71F5DB63-41AC-4D6E-AC39-4CD44D9F444D}.Debug|Any CPU.Build.0 = Debug|Any CPU
		{71F5DB63-41AC-4D6E-AC39-4CD44D9F444D}.Release|Any CPU.ActiveCfg = Release|Any CPU
		{71F5DB63-41AC-4D6E-AC39-4CD44D9F444D}.Release|Any CPU.Build.0 = Release|Any CPU
		{3D25F34D-1527-4DD6-82A2-E031327F5637}.Debug|Any CPU.ActiveCfg = Debug|Any CPU
		{3D25F34D-1527-4DD6-82A2-E031327F5637}.Debug|Any CPU.Build.0 = Debug|Any CPU
		{3D25F34D-1527-4DD6-82A2-E031327F5637}.Release|Any CPU.ActiveCfg = Release|Any CPU
		{3D25F34D-1527-4DD6-82A2-E031327F5637}.Release|Any CPU.Build.0 = Release|Any CPU
		{4A6FF27E-9761-444C-9C92-202C1BD2115A}.Debug|Any CPU.ActiveCfg = Debug|Any CPU
		{4A6FF27E-9761-444C-9C92-202C1BD2115A}.Debug|Any CPU.Build.0 = Debug|Any CPU
		{4A6FF27E-9761-444C-9C92-202C1BD2115A}.Release|Any CPU.ActiveCfg = Release|Any CPU
		{4A6FF27E-9761-444C-9C92-202C1BD2115A}.Release|Any CPU.Build.0 = Release|Any CPU
		{A46C8334-ABDF-4885-A345-05027AD98993}.Debug|Any CPU.ActiveCfg = Debug|Any CPU
		{A46C8334-ABDF-4885-A345-05027AD98993}.Debug|Any CPU.Build.0 = Debug|Any CPU
		{A46C8334-ABDF-4885-A345-05027AD98993}.Release|Any CPU.ActiveCfg = Release|Any CPU
		{A46C8334-ABDF-4885-A345-05027AD98993}.Release|Any CPU.Build.0 = Release|Any CPU
		{885AEECA-E18D-447D-B781-EDF240C36272}.Debug|Any CPU.ActiveCfg = Debug|Any CPU
		{885AEECA-E18D-447D-B781-EDF240C36272}.Debug|Any CPU.Build.0 = Debug|Any CPU
		{885AEECA-E18D-447D-B781-EDF240C36272}.Release|Any CPU.ActiveCfg = Release|Any CPU
		{885AEECA-E18D-447D-B781-EDF240C36272}.Release|Any CPU.Build.0 = Release|Any CPU
	EndGlobalSection
	GlobalSection(SolutionProperties) = preSolution
		HideSolutionNode = FALSE
	EndGlobalSection
	GlobalSection(NestedProjects) = preSolution
		{1B1D9AA5-0F1B-4BCC-B05A-82224D9A3FAD} = {D86D18B2-CD94-4182-B6DE-CFBD7A79ECC4}
		{9D3853E4-EC71-466E-AA3A-E40B1617AF22} = {1B1D9AA5-0F1B-4BCC-B05A-82224D9A3FAD}
		{C2C43312-17F0-4877-BA22-2BD67348EFDF} = {1B1D9AA5-0F1B-4BCC-B05A-82224D9A3FAD}
		{21E2514B-3332-499B-874D-BAAC730D4D83} = {1B1D9AA5-0F1B-4BCC-B05A-82224D9A3FAD}
		{152D2B29-02A7-4BF8-92C7-7E8C01E8D6E8} = {D86D18B2-CD94-4182-B6DE-CFBD7A79ECC4}
		{8CDCEC95-D29F-4177-BE94-07F811520812} = {152D2B29-02A7-4BF8-92C7-7E8C01E8D6E8}
		{71F5DB63-41AC-4D6E-AC39-4CD44D9F444D} = {152D2B29-02A7-4BF8-92C7-7E8C01E8D6E8}
		{3D25F34D-1527-4DD6-82A2-E031327F5637} = {152D2B29-02A7-4BF8-92C7-7E8C01E8D6E8}
		{4A6FF27E-9761-444C-9C92-202C1BD2115A} = {152D2B29-02A7-4BF8-92C7-7E8C01E8D6E8}
		{A46C8334-ABDF-4885-A345-05027AD98993} = {152D2B29-02A7-4BF8-92C7-7E8C01E8D6E8}
		{885AEECA-E18D-447D-B781-EDF240C36272} = {152D2B29-02A7-4BF8-92C7-7E8C01E8D6E8}
	EndGlobalSection
	GlobalSection(ExtensibilityGlobals) = postSolution
		SolutionGuid = {7AB65976-1E56-4A20-872C-992D7BCA69DA}
	EndGlobalSection
EndGlobal
